// !$*UTF8*$!
{
	archiveVersion = 1;
	classes = {
	};
	objectVersion = 46;
	objects = {

/* Begin PBXBuildFile section */
		140609511E1809D500EF53DD /* AppDelegate.swift in Sources */ = {isa = PBXBuildFile; fileRef = 140609501E1809D500EF53DD /* AppDelegate.swift */; };
		140609531E1809D500EF53DD /* ViewController.swift in Sources */ = {isa = PBXBuildFile; fileRef = 140609521E1809D500EF53DD /* ViewController.swift */; };
		140609561E1809D500EF53DD /* Main.storyboard in Resources */ = {isa = PBXBuildFile; fileRef = 140609541E1809D500EF53DD /* Main.storyboard */; };
		140609581E1809D500EF53DD /* Assets.xcassets in Resources */ = {isa = PBXBuildFile; fileRef = 140609571E1809D500EF53DD /* Assets.xcassets */; };
		1406095B1E1809D500EF53DD /* LaunchScreen.storyboard in Resources */ = {isa = PBXBuildFile; fileRef = 140609591E1809D500EF53DD /* LaunchScreen.storyboard */; };
		140609661E1809D500EF53DD /* TestTests.swift in Sources */ = {isa = PBXBuildFile; fileRef = 140609651E1809D500EF53DD /* TestTests.swift */; };
		140609711E1809D500EF53DD /* TestUITests.swift in Sources */ = {isa = PBXBuildFile; fileRef = 140609701E1809D500EF53DD /* TestUITests.swift */; };
/* End PBXBuildFile section */

/* Begin PBXContainerItemProxy section */
		140609621E1809D500EF53DD /* PBXContainerItemProxy */ = {
			isa = PBXContainerItemProxy;
			containerPortal = 140609451E1809D500EF53DD /* Project object */;
			proxyType = 1;
			remoteGlobalIDString = 1406094C1E1809D500EF53DD;
			remoteInfo = Test;
		};
		1406096D1E1809D500EF53DD /* PBXContainerItemProxy */ = {
			isa = PBXContainerItemProxy;
			containerPortal = 140609451E1809D500EF53DD /* Project object */;
			proxyType = 1;
			remoteGlobalIDString = 1406094C1E1809D500EF53DD;
			remoteInfo = Test;
		};
/* End PBXContainerItemProxy section */

/* Begin PBXFileReference section */
		1406094D1E1809D500EF53DD /* Test.app */ = {isa = PBXFileReference; explicitFileType = wrapper.application; includeInIndex = 0; path = Test.app; sourceTree = BUILT_PRODUCTS_DIR; };
		140609501E1809D500EF53DD /* AppDelegate.swift */ = {isa = PBXFileReference; lastKnownFileType = sourcecode.swift; path = AppDelegate.swift; sourceTree = "<group>"; };
		140609521E1809D500EF53DD /* ViewController.swift */ = {isa = PBXFileReference; lastKnownFileType = sourcecode.swift; path = ViewController.swift; sourceTree = "<group>"; };
		140609551E1809D500EF53DD /* Base */ = {isa = PBXFileReference; lastKnownFileType = file.storyboard; name = Base; path = Base.lproj/Main.storyboard; sourceTree = "<group>"; };
		140609571E1809D500EF53DD /* Assets.xcassets */ = {isa = PBXFileReference; lastKnownFileType = folder.assetcatalog; path = Assets.xcassets; sourceTree = "<group>"; };
		1406095A1E1809D500EF53DD /* Base */ = {isa = PBXFileReference; lastKnownFileType = file.storyboard; name = Base; path = Base.lproj/LaunchScreen.storyboard; sourceTree = "<group>"; };
		1406095C1E1809D500EF53DD /* Info.plist */ = {isa = PBXFileReference; lastKnownFileType = text.plist.xml; path = Info.plist; sourceTree = "<group>"; };
		140609611E1809D500EF53DD /* TestTests.xctest */ = {isa = PBXFileReference; explicitFileType = wrapper.cfbundle; includeInIndex = 0; path = TestTests.xctest; sourceTree = BUILT_PRODUCTS_DIR; };
		140609651E1809D500EF53DD /* TestTests.swift */ = {isa = PBXFileReference; lastKnownFileType = sourcecode.swift; path = TestTests.swift; sourceTree = "<group>"; };
		140609671E1809D500EF53DD /* Info.plist */ = {isa = PBXFileReference; lastKnownFileType = text.plist.xml; path = Info.plist; sourceTree = "<group>"; };
		1406096C1E1809D500EF53DD /* TestUITests.xctest */ = {isa = PBXFileReference; explicitFileType = wrapper.cfbundle; includeInIndex = 0; path = TestUITests.xctest; sourceTree = BUILT_PRODUCTS_DIR; };
		140609701E1809D500EF53DD /* TestUITests.swift */ = {isa = PBXFileReference; lastKnownFileType = sourcecode.swift; path = TestUITests.swift; sourceTree = "<group>"; };
		140609721E1809D500EF53DD /* Info.plist */ = {isa = PBXFileReference; lastKnownFileType = text.plist.xml; path = Info.plist; sourceTree = "<group>"; };
/* End PBXFileReference section */

/* Begin PBXFrameworksBuildPhase section */
		1406094A1E1809D500EF53DD /* Frameworks */ = {
			isa = PBXFrameworksBuildPhase;
			buildActionMask = 2147483647;
			files = (
			);
			runOnlyForDeploymentPostprocessing = 0;
		};
		1406095E1E1809D500EF53DD /* Frameworks */ = {
			isa = PBXFrameworksBuildPhase;
			buildActionMask = 2147483647;
			files = (
			);
			runOnlyForDeploymentPostprocessing = 0;
		};
		140609691E1809D500EF53DD /* Frameworks */ = {
			isa = PBXFrameworksBuildPhase;
			buildActionMask = 2147483647;
			files = (
			);
			runOnlyForDeploymentPostprocessing = 0;
		};
/* End PBXFrameworksBuildPhase section */

/* Begin PBXGroup section */
		140609441E1809D500EF53DD = {
			isa = PBXGroup;
			children = (
				1406094F1E1809D500EF53DD /* Test */,
				140609641E1809D500EF53DD /* TestTests */,
				1406096F1E1809D500EF53DD /* TestUITests */,
				1406094E1E1809D500EF53DD /* Products */,
			);
			sourceTree = "<group>";
		};
		1406094E1E1809D500EF53DD /* Products */ = {
			isa = PBXGroup;
			children = (
				1406094D1E1809D500EF53DD /* Test.app */,
				140609611E1809D500EF53DD /* TestTests.xctest */,
				1406096C1E1809D500EF53DD /* TestUITests.xctest */,
			);
			name = Products;
			sourceTree = "<group>";
		};
		1406094F1E1809D500EF53DD /* Test */ = {
			isa = PBXGroup;
			children = (
				140609501E1809D500EF53DD /* AppDelegate.swift */,
				140609521E1809D500EF53DD /* ViewController.swift */,
				140609541E1809D500EF53DD /* Main.storyboard */,
				140609571E1809D500EF53DD /* Assets.xcassets */,
				140609591E1809D500EF53DD /* LaunchScreen.storyboard */,
				1406095C1E1809D500EF53DD /* Info.plist */,
			);
			path = Test;
			sourceTree = "<group>";
		};
		140609641E1809D500EF53DD /* TestTests */ = {
			isa = PBXGroup;
			children = (
				140609651E1809D500EF53DD /* TestTests.swift */,
				140609671E1809D500EF53DD /* Info.plist */,
			);
			path = TestTests;
			sourceTree = "<group>";
		};
		1406096F1E1809D500EF53DD /* TestUITests */ = {
			isa = PBXGroup;
			children = (
				140609701E1809D500EF53DD /* TestUITests.swift */,
				140609721E1809D500EF53DD /* Info.plist */,
			);
			path = TestUITests;
			sourceTree = "<group>";
		};
/* End PBXGroup section */

/* Begin PBXNativeTarget section */
		1406094C1E1809D500EF53DD /* Test */ = {
			isa = PBXNativeTarget;
			buildConfigurationList = 140609751E1809D500EF53DD /* Build configuration list for PBXNativeTarget "Test" */;
			buildPhases = (
				140609491E1809D500EF53DD /* Sources */,
				1406094A1E1809D500EF53DD /* Frameworks */,
				1406094B1E1809D500EF53DD /* Resources */,
			);
			buildRules = (
			);
			dependencies = (
			);
			name = Test;
			productName = Test;
			productReference = 1406094D1E1809D500EF53DD /* Test.app */;
			productType = "com.apple.product-type.application";
		};
		140609601E1809D500EF53DD /* TestTests */ = {
			isa = PBXNativeTarget;
			buildConfigurationList = 140609781E1809D500EF53DD /* Build configuration list for PBXNativeTarget "TestTests" */;
			buildPhases = (
				1406095D1E1809D500EF53DD /* Sources */,
				1406095E1E1809D500EF53DD /* Frameworks */,
				1406095F1E1809D500EF53DD /* Resources */,
			);
			buildRules = (
			);
			dependencies = (
				140609631E1809D500EF53DD /* PBXTargetDependency */,
			);
			name = TestTests;
			productName = TestTests;
			productReference = 140609611E1809D500EF53DD /* TestTests.xctest */;
			productType = "com.apple.product-type.bundle.unit-test";
		};
		1406096B1E1809D500EF53DD /* TestUITests */ = {
			isa = PBXNativeTarget;
			buildConfigurationList = 1406097B1E1809D500EF53DD /* Build configuration list for PBXNativeTarget "TestUITests" */;
			buildPhases = (
				140609681E1809D500EF53DD /* Sources */,
				140609691E1809D500EF53DD /* Frameworks */,
				1406096A1E1809D500EF53DD /* Resources */,
			);
			buildRules = (
			);
			dependencies = (
				1406096E1E1809D500EF53DD /* PBXTargetDependency */,
			);
			name = TestUITests;
			productName = TestUITests;
			productReference = 1406096C1E1809D500EF53DD /* TestUITests.xctest */;
			productType = "com.apple.product-type.bundle.ui-testing";
		};
/* End PBXNativeTarget section */

/* Begin PBXProject section */
		140609451E1809D500EF53DD /* Project object */ = {
			isa = PBXProject;
			attributes = {
				LastSwiftUpdateCheck = 0820;
				LastUpgradeCheck = 0820;
				ORGANIZATIONNAME = "Youngster Apps";
				TargetAttributes = {
					1406094C1E1809D500EF53DD = {
						CreatedOnToolsVersion = 8.2.1;
						DevelopmentTeam = D34VM657B6;
						ProvisioningStyle = Automatic;
					};
					140609601E1809D500EF53DD = {
						CreatedOnToolsVersion = 8.2.1;
						DevelopmentTeam = D34VM657B6;
						ProvisioningStyle = Automatic;
						TestTargetID = 1406094C1E1809D500EF53DD;
					};
					1406096B1E1809D500EF53DD = {
						CreatedOnToolsVersion = 8.2.1;
						DevelopmentTeam = D34VM657B6;
						ProvisioningStyle = Automatic;
						TestTargetID = 1406094C1E1809D500EF53DD;
					};
				};
			};
			buildConfigurationList = 140609481E1809D500EF53DD /* Build configuration list for PBXProject "Test" */;
			compatibilityVersion = "Xcode 3.2";
			developmentRegion = English;
			hasScannedForEncodings = 0;
			knownRegions = (
				en,
				Base,
			);
			mainGroup = 140609441E1809D500EF53DD;
			productRefGroup = 1406094E1E1809D500EF53DD /* Products */;
			projectDirPath = "";
			projectRoot = "";
			targets = (
				1406094C1E1809D500EF53DD /* Test */,
				140609601E1809D500EF53DD /* TestTests */,
				1406096B1E1809D500EF53DD /* TestUITests */,
			);
		};
/* End PBXProject section */

/* Begin PBXResourcesBuildPhase section */
		1406094B1E1809D500EF53DD /* Resources */ = {
			isa = PBXResourcesBuildPhase;
			buildActionMask = 2147483647;
			files = (
				1406095B1E1809D500EF53DD /* LaunchScreen.storyboard in Resources */,
				140609581E1809D500EF53DD /* Assets.xcassets in Resources */,
				140609561E1809D500EF53DD /* Main.storyboard in Resources */,
			);
			runOnlyForDeploymentPostprocessing = 0;
		};
		1406095F1E1809D500EF53DD /* Resources */ = {
			isa = PBXResourcesBuildPhase;
			buildActionMask = 2147483647;
			files = (
			);
			runOnlyForDeploymentPostprocessing = 0;
		};
		1406096A1E1809D500EF53DD /* Resources */ = {
			isa = PBXResourcesBuildPhase;
			buildActionMask = 2147483647;
			files = (
			);
			runOnlyForDeploymentPostprocessing = 0;
		};
/* End PBXResourcesBuildPhase section */

/* Begin PBXSourcesBuildPhase section */
		140609491E1809D500EF53DD /* Sources */ = {
			isa = PBXSourcesBuildPhase;
			buildActionMask = 2147483647;
			files = (
				140609531E1809D500EF53DD /* ViewController.swift in Sources */,
				140609511E1809D500EF53DD /* AppDelegate.swift in Sources */,
			);
			runOnlyForDeploymentPostprocessing = 0;
		};
		1406095D1E1809D500EF53DD /* Sources */ = {
			isa = PBXSourcesBuildPhase;
			buildActionMask = 2147483647;
			files = (
				140609661E1809D500EF53DD /* TestTests.swift in Sources */,
			);
			runOnlyForDeploymentPostprocessing = 0;
		};
		140609681E1809D500EF53DD /* Sources */ = {
			isa = PBXSourcesBuildPhase;
			buildActionMask = 2147483647;
			files = (
				140609711E1809D500EF53DD /* TestUITests.swift in Sources */,
			);
			runOnlyForDeploymentPostprocessing = 0;
		};
/* End PBXSourcesBuildPhase section */

/* Begin PBXTargetDependency section */
		140609631E1809D500EF53DD /* PBXTargetDependency */ = {
			isa = PBXTargetDependency;
			target = 1406094C1E1809D500EF53DD /* Test */;
			targetProxy = 140609621E1809D500EF53DD /* PBXContainerItemProxy */;
		};
		1406096E1E1809D500EF53DD /* PBXTargetDependency */ = {
			isa = PBXTargetDependency;
			target = 1406094C1E1809D500EF53DD /* Test */;
			targetProxy = 1406096D1E1809D500EF53DD /* PBXContainerItemProxy */;
		};
/* End PBXTargetDependency section */

/* Begin PBXVariantGroup section */
		140609541E1809D500EF53DD /* Main.storyboard */ = {
			isa = PBXVariantGroup;
			children = (
				140609551E1809D500EF53DD /* Base */,
			);
			name = Main.storyboard;
			sourceTree = "<group>";
		};
		140609591E1809D500EF53DD /* LaunchScreen.storyboard */ = {
			isa = PBXVariantGroup;
			children = (
				1406095A1E1809D500EF53DD /* Base */,
			);
			name = LaunchScreen.storyboard;
			sourceTree = "<group>";
		};
/* End PBXVariantGroup section */

/* Begin XCBuildConfiguration section */
		140609731E1809D500EF53DD /* Debug */ = {
			isa = XCBuildConfiguration;
			buildSettings = {
				ALWAYS_SEARCH_USER_PATHS = NO;
				CLANG_ANALYZER_NONNULL = YES;
				CLANG_CXX_LANGUAGE_STANDARD = "gnu++0x";
				CLANG_CXX_LIBRARY = "libc++";
				CLANG_ENABLE_MODULES = YES;
				CLANG_ENABLE_OBJC_ARC = YES;
				CLANG_WARN_BOOL_CONVERSION = YES;
				CLANG_WARN_CONSTANT_CONVERSION = YES;
				CLANG_WARN_DIRECT_OBJC_ISA_USAGE = YES_ERROR;
				CLANG_WARN_DOCUMENTATION_COMMENTS = YES;
				CLANG_WARN_EMPTY_BODY = YES;
				CLANG_WARN_ENUM_CONVERSION = YES;
				CLANG_WARN_INFINITE_RECURSION = YES;
				CLANG_WARN_INT_CONVERSION = YES;
				CLANG_WARN_OBJC_ROOT_CLASS = YES_ERROR;
				CLANG_WARN_SUSPICIOUS_MOVE = YES;
				CLANG_WARN_UNREACHABLE_CODE = YES;
				CLANG_WARN__DUPLICATE_METHOD_MATCH = YES;
				"CODE_SIGN_IDENTITY[sdk=iphoneos*]" = "iPhone Developer";
				COPY_PHASE_STRIP = NO;
				DEBUG_INFORMATION_FORMAT = dwarf;
				ENABLE_STRICT_OBJC_MSGSEND = YES;
				ENABLE_TESTABILITY = YES;
				GCC_C_LANGUAGE_STANDARD = gnu99;
				GCC_DYNAMIC_NO_PIC = NO;
				GCC_NO_COMMON_BLOCKS = YES;
				GCC_OPTIMIZATION_LEVEL = 0;
				GCC_PREPROCESSOR_DEFINITIONS = (
					"DEBUG=1",
					"$(inherited)",
				);
				GCC_WARN_64_TO_32_BIT_CONVERSION = YES;
				GCC_WARN_ABOUT_RETURN_TYPE = YES_ERROR;
				GCC_WARN_UNDECLARED_SELECTOR = YES;
				GCC_WARN_UNINITIALIZED_AUTOS = YES_AGGRESSIVE;
				GCC_WARN_UNUSED_FUNCTION = YES;
				GCC_WARN_UNUSED_VARIABLE = YES;
				IPHONEOS_DEPLOYMENT_TARGET = 10.2;
				MTL_ENABLE_DEBUG_INFO = YES;
				ONLY_ACTIVE_ARCH = YES;
				SDKROOT = iphoneos;
				SWIFT_ACTIVE_COMPILATION_CONDITIONS = DEBUG;
				SWIFT_OPTIMIZATION_LEVEL = "-Onone";
			};
			name = Debug;
		};
		140609741E1809D500EF53DD /* Release */ = {
			isa = XCBuildConfiguration;
			buildSettings = {
				ALWAYS_SEARCH_USER_PATHS = NO;
				CLANG_ANALYZER_NONNULL = YES;
				CLANG_CXX_LANGUAGE_STANDARD = "gnu++0x";
				CLANG_CXX_LIBRARY = "libc++";
				CLANG_ENABLE_MODULES = YES;
				CLANG_ENABLE_OBJC_ARC = YES;
				CLANG_WARN_BOOL_CONVERSION = YES;
				CLANG_WARN_CONSTANT_CONVERSION = YES;
				CLANG_WARN_DIRECT_OBJC_ISA_USAGE = YES_ERROR;
				CLANG_WARN_DOCUMENTATION_COMMENTS = YES;
				CLANG_WARN_EMPTY_BODY = YES;
				CLANG_WARN_ENUM_CONVERSION = YES;
				CLANG_WARN_INFINITE_RECURSION = YES;
				CLANG_WARN_INT_CONVERSION = YES;
				CLANG_WARN_OBJC_ROOT_CLASS = YES_ERROR;
				CLANG_WARN_SUSPICIOUS_MOVE = YES;
				CLANG_WARN_UNREACHABLE_CODE = YES;
				CLANG_WARN__DUPLICATE_METHOD_MATCH = YES;
				"CODE_SIGN_IDENTITY[sdk=iphoneos*]" = "iPhone Developer";
				COPY_PHASE_STRIP = NO;
				DEBUG_INFORMATION_FORMAT = "dwarf-with-dsym";
				ENABLE_NS_ASSERTIONS = NO;
				ENABLE_STRICT_OBJC_MSGSEND = YES;
				GCC_C_LANGUAGE_STANDARD = gnu99;
				GCC_NO_COMMON_BLOCKS = YES;
				GCC_WARN_64_TO_32_BIT_CONVERSION = YES;
				GCC_WARN_ABOUT_RETURN_TYPE = YES_ERROR;
				GCC_WARN_UNDECLARED_SELECTOR = YES;
				GCC_WARN_UNINITIALIZED_AUTOS = YES_AGGRESSIVE;
				GCC_WARN_UNUSED_FUNCTION = YES;
				GCC_WARN_UNUSED_VARIABLE = YES;
				IPHONEOS_DEPLOYMENT_TARGET = 10.2;
				MTL_ENABLE_DEBUG_INFO = NO;
				SDKROOT = iphoneos;
				SWIFT_OPTIMIZATION_LEVEL = "-Owholemodule";
				VALIDATE_PRODUCT = YES;
			};
			name = Release;
		};
		140609761E1809D500EF53DD /* Debug */ = {
			isa = XCBuildConfiguration;
			buildSettings = {
				ASSETCATALOG_COMPILER_APPICON_NAME = AppIcon;
				DEVELOPMENT_TEAM = D34VM657B6;
				INFOPLIST_FILE = Test/Info.plist;
				LD_RUNPATH_SEARCH_PATHS = "$(inherited) @executable_path/Frameworks";
				PRODUCT_BUNDLE_IDENTIFIER = com.YoungsterApps.Test;
				PRODUCT_NAME = "$(TARGET_NAME)";
				SWIFT_VERSION = 3.0;
			};
			name = Debug;
		};
		140609771E1809D500EF53DD /* Release */ = {
			isa = XCBuildConfiguration;
			buildSettings = {
				ASSETCATALOG_COMPILER_APPICON_NAME = AppIcon;
				DEVELOPMENT_TEAM = D34VM657B6;
				INFOPLIST_FILE = Test/Info.plist;
				LD_RUNPATH_SEARCH_PATHS = "$(inherited) @executable_path/Frameworks";
				PRODUCT_BUNDLE_IDENTIFIER = com.YoungsterApps.Test;
				PRODUCT_NAME = "$(TARGET_NAME)";
				SWIFT_VERSION = 3.0;
			};
			name = Release;
		};
		140609791E1809D500EF53DD /* Debug */ = {
			isa = XCBuildConfiguration;
			buildSettings = {
				ALWAYS_EMBED_SWIFT_STANDARD_LIBRARIES = YES;
				BUNDLE_LOADER = "$(TEST_HOST)";
				DEVELOPMENT_TEAM = D34VM657B6;
				INFOPLIST_FILE = TestTests/Info.plist;
				LD_RUNPATH_SEARCH_PATHS = "$(inherited) @executable_path/Frameworks @loader_path/Frameworks";
				PRODUCT_BUNDLE_IDENTIFIER = com.YoungsterApps.TestTests;
				PRODUCT_NAME = "$(TARGET_NAME)";
				SWIFT_VERSION = 3.0;
				TEST_HOST = "$(BUILT_PRODUCTS_DIR)/Test.app/Test";
			};
			name = Debug;
		};
		1406097A1E1809D500EF53DD /* Release */ = {
			isa = XCBuildConfiguration;
			buildSettings = {
				ALWAYS_EMBED_SWIFT_STANDARD_LIBRARIES = YES;
				BUNDLE_LOADER = "$(TEST_HOST)";
				DEVELOPMENT_TEAM = D34VM657B6;
				INFOPLIST_FILE = TestTests/Info.plist;
				LD_RUNPATH_SEARCH_PATHS = "$(inherited) @executable_path/Frameworks @loader_path/Frameworks";
				PRODUCT_BUNDLE_IDENTIFIER = com.YoungsterApps.TestTests;
				PRODUCT_NAME = "$(TARGET_NAME)";
				SWIFT_VERSION = 3.0;
				TEST_HOST = "$(BUILT_PRODUCTS_DIR)/Test.app/Test";
			};
			name = Release;
		};
		1406097C1E1809D500EF53DD /* Debug */ = {
			isa = XCBuildConfiguration;
			buildSettings = {
				ALWAYS_EMBED_SWIFT_STANDARD_LIBRARIES = YES;
				DEVELOPMENT_TEAM = D34VM657B6;
				INFOPLIST_FILE = TestUITests/Info.plist;
				LD_RUNPATH_SEARCH_PATHS = "$(inherited) @executable_path/Frameworks @loader_path/Frameworks";
				PRODUCT_BUNDLE_IDENTIFIER = com.YoungsterApps.TestUITests;
				PRODUCT_NAME = "$(TARGET_NAME)";
				SWIFT_VERSION = 3.0;
				TEST_TARGET_NAME = Test;
			};
			name = Debug;
		};
		1406097D1E1809D500EF53DD /* Release */ = {
			isa = XCBuildConfiguration;
			buildSettings = {
				ALWAYS_EMBED_SWIFT_STANDARD_LIBRARIES = YES;
				DEVELOPMENT_TEAM = D34VM657B6;
				INFOPLIST_FILE = TestUITests/Info.plist;
				LD_RUNPATH_SEARCH_PATHS = "$(inherited) @executable_path/Frameworks @loader_path/Frameworks";
				PRODUCT_BUNDLE_IDENTIFIER = com.YoungsterApps.TestUITests;
				PRODUCT_NAME = "$(TARGET_NAME)";
				SWIFT_VERSION = 3.0;
				TEST_TARGET_NAME = Test;
			};
			name = Release;
		};
/* End XCBuildConfiguration section */

/* Begin XCConfigurationList section */
		140609481E1809D500EF53DD /* Build configuration list for PBXProject "Test" */ = {
			isa = XCConfigurationList;
			buildConfigurations = (
				140609731E1809D500EF53DD /* Debug */,
				140609741E1809D500EF53DD /* Release */,
			);
			defaultConfigurationIsVisible = 0;
			defaultConfigurationName = Release;
		};
		140609751E1809D500EF53DD /* Build configuration list for PBXNativeTarget "Test" */ = {
			isa = XCConfigurationList;
			buildConfigurations = (
				140609761E1809D500EF53DD /* Debug */,
				140609771E1809D500EF53DD /* Release */,
			);
			defaultConfigurationIsVisible = 0;
		};
		140609781E1809D500EF53DD /* Build configuration list for PBXNativeTarget "TestTests" */ = {
			isa = XCConfigurationList;
			buildConfigurations = (
				140609791E1809D500EF53DD /* Debug */,
				1406097A1E1809D500EF53DD /* Release */,
			);
			defaultConfigurationIsVisible = 0;
		};
		1406097B1E1809D500EF53DD /* Build configuration list for PBXNativeTarget "TestUITests" */ = {
			isa = XCConfigurationList;
			buildConfigurations = (
				1406097C1E1809D500EF53DD /* Debug */,
				1406097D1E1809D500EF53DD /* Release */,
			);
			defaultConfigurationIsVisible = 0;
		};
/* End XCConfigurationList section */
	};
	rootObject = 140609451E1809D500EF53DD /* Project object */;
}
